// !$*UTF8*$!
{
	archiveVersion = 1;
	classes = {
	};
	objectVersion = 46;
	objects = {

/* Begin PBXBuildFile section */
		4A4B55E51718B17F0050A4F2 /* Cocoa.framework in Frameworks */ = {isa = PBXBuildFile; fileRef = 4A4B55AC1718B09B0050A4F2 /* Cocoa.framework */; };
		4A4B55FE1718B17F0050A4F2 /* SenTestingKit.framework in Frameworks */ = {isa = PBXBuildFile; fileRef = 4A4B55CA1718B09C0050A4F2 /* SenTestingKit.framework */; };
		4A4B55FF1718B17F0050A4F2 /* Cocoa.framework in Frameworks */ = {isa = PBXBuildFile; fileRef = 4A4B55AC1718B09B0050A4F2 /* Cocoa.framework */; };
		4A4B56141718B5010050A4F2 /* MacAppDelegate.m in Sources */ = {isa = PBXBuildFile; fileRef = 4A4B56131718B5010050A4F2 /* MacAppDelegate.m */; };
		4A4B56171718B50A0050A4F2 /* MainMenu.xib in Resources */ = {isa = PBXBuildFile; fileRef = 4A4B56151718B50A0050A4F2 /* MainMenu.xib */; };
		4A4B561C1718B5140050A4F2 /* Credits.rtf in Resources */ = {isa = PBXBuildFile; fileRef = 4A4B56181718B5140050A4F2 /* Credits.rtf */; };
		4A4B561D1718B5140050A4F2 /* InfoPlist.strings in Resources */ = {isa = PBXBuildFile; fileRef = 4A4B561A1718B5140050A4F2 /* InfoPlist.strings */; };
		4A4B56201718B5370050A4F2 /* main.m in Sources */ = {isa = PBXBuildFile; fileRef = 4A4B561F1718B5370050A4F2 /* main.m */; };
		4A4B56261718B59A0050A4F2 /* InfoPlist.strings in Resources */ = {isa = PBXBuildFile; fileRef = 4A4B56241718B59A0050A4F2 /* InfoPlist.strings */; };
		4A4B56291718B5E70050A4F2 /* DiffMatchPatchTests.m in Sources */ = {isa = PBXBuildFile; fileRef = 4A4B56281718B5E70050A4F2 /* DiffMatchPatchTests.m */; };
		4A4B56771718B7860050A4F2 /* UIKit.framework in Frameworks */ = {isa = PBXBuildFile; fileRef = 4A4B56401718B7630050A4F2 /* UIKit.framework */; };
		4A4B56781718B7860050A4F2 /* Foundation.framework in Frameworks */ = {isa = PBXBuildFile; fileRef = 4A4B56421718B7630050A4F2 /* Foundation.framework */; };
		4A4B56791718B7860050A4F2 /* CoreGraphics.framework in Frameworks */ = {isa = PBXBuildFile; fileRef = 4A4B56441718B7630050A4F2 /* CoreGraphics.framework */; };
		4A4B56921718B7870050A4F2 /* SenTestingKit.framework in Frameworks */ = {isa = PBXBuildFile; fileRef = 4A4B55CA1718B09C0050A4F2 /* SenTestingKit.framework */; };
		4A4B56931718B7870050A4F2 /* UIKit.framework in Frameworks */ = {isa = PBXBuildFile; fileRef = 4A4B56401718B7630050A4F2 /* UIKit.framework */; };
		4A4B56941718B7870050A4F2 /* Foundation.framework in Frameworks */ = {isa = PBXBuildFile; fileRef = 4A4B56421718B7630050A4F2 /* Foundation.framework */; };
		4A4B56A81718B8270050A4F2 /* iOSAppDelegate.m in Sources */ = {isa = PBXBuildFile; fileRef = 4A4B56A71718B8270050A4F2 /* iOSAppDelegate.m */; };
		4A4B56B21718B8770050A4F2 /* main.m in Sources */ = {isa = PBXBuildFile; fileRef = 4A4B56B11718B8770050A4F2 /* main.m */; };
		4A4B56B61718B8820050A4F2 /* Default-568h@2x.png in Resources */ = {isa = PBXBuildFile; fileRef = 4A4B56B31718B8820050A4F2 /* Default-568h@2x.png */; };
		4A4B56B71718B8820050A4F2 /* Default.png in Resources */ = {isa = PBXBuildFile; fileRef = 4A4B56B41718B8820050A4F2 /* Default.png */; };
		4A4B56B81718B8820050A4F2 /* Default@2x.png in Resources */ = {isa = PBXBuildFile; fileRef = 4A4B56B51718B8820050A4F2 /* Default@2x.png */; };
		4A4B56BB1718B8AB0050A4F2 /* InfoPlist.strings in Resources */ = {isa = PBXBuildFile; fileRef = 4A4B56B91718B8AB0050A4F2 /* InfoPlist.strings */; };
		4A4B56C21718B9D10050A4F2 /* InfoPlist.strings in Resources */ = {isa = PBXBuildFile; fileRef = 4A4B56C01718B9D10050A4F2 /* InfoPlist.strings */; };
		4A4B56C51718BB510050A4F2 /* DiffMatchPatchTests.m in Sources */ = {isa = PBXBuildFile; fileRef = 4A4B56281718B5E70050A4F2 /* DiffMatchPatchTests.m */; };
		4A4B56D51718BBC30050A4F2 /* DiffMatchPatch.m in Sources */ = {isa = PBXBuildFile; fileRef = 4A4B56CB1718BBC30050A4F2 /* DiffMatchPatch.m */; };
		4A4B56D61718BBC30050A4F2 /* DiffMatchPatch.m in Sources */ = {isa = PBXBuildFile; fileRef = 4A4B56CB1718BBC30050A4F2 /* DiffMatchPatch.m */; };
		4A4B56D71718BBC30050A4F2 /* DiffMatchPatchCFUtilities.m in Sources */ = {isa = PBXBuildFile; fileRef = 4A4B56CD1718BBC30050A4F2 /* DiffMatchPatchCFUtilities.m */; };
		4A4B56D81718BBC30050A4F2 /* DiffMatchPatchCFUtilities.m in Sources */ = {isa = PBXBuildFile; fileRef = 4A4B56CD1718BBC30050A4F2 /* DiffMatchPatchCFUtilities.m */; };
		4A4B56D91718BBC30050A4F2 /* DMDiff.m in Sources */ = {isa = PBXBuildFile; fileRef = 4A4B56D01718BBC30050A4F2 /* DMDiff.m */; };
		4A4B56DA1718BBC30050A4F2 /* DMDiff.m in Sources */ = {isa = PBXBuildFile; fileRef = 4A4B56D01718BBC30050A4F2 /* DMDiff.m */; };
		4A4B56DB1718BBC30050A4F2 /* DMPatch.m in Sources */ = {isa = PBXBuildFile; fileRef = 4A4B56D21718BBC30050A4F2 /* DMPatch.m */; };
		4A4B56DC1718BBC30050A4F2 /* DMPatch.m in Sources */ = {isa = PBXBuildFile; fileRef = 4A4B56D21718BBC30050A4F2 /* DMPatch.m */; };
		4A4B56DD1718BBC30050A4F2 /* NSString+UriCompatibility.m in Sources */ = {isa = PBXBuildFile; fileRef = 4A4B56D41718BBC30050A4F2 /* NSString+UriCompatibility.m */; };
		4A4B56DE1718BBC30050A4F2 /* NSString+UriCompatibility.m in Sources */ = {isa = PBXBuildFile; fileRef = 4A4B56D41718BBC30050A4F2 /* NSString+UriCompatibility.m */; };
		4A5D0C541719DC1F00DBA40A /* DiffMatchPatch.m in Sources */ = {isa = PBXBuildFile; fileRef = 4A4B56CB1718BBC30050A4F2 /* DiffMatchPatch.m */; };
		4A5D0C551719DC1F00DBA40A /* DiffMatchPatchCFUtilities.m in Sources */ = {isa = PBXBuildFile; fileRef = 4A4B56CD1718BBC30050A4F2 /* DiffMatchPatchCFUtilities.m */; };
		4A5D0C561719DC1F00DBA40A /* DMDiff.m in Sources */ = {isa = PBXBuildFile; fileRef = 4A4B56D01718BBC30050A4F2 /* DMDiff.m */; };
		4A5D0C571719DC1F00DBA40A /* DMPatch.m in Sources */ = {isa = PBXBuildFile; fileRef = 4A4B56D21718BBC30050A4F2 /* DMPatch.m */; };
		4A5D0C581719DC1F00DBA40A /* NSString+UriCompatibility.m in Sources */ = {isa = PBXBuildFile; fileRef = 4A4B56D41718BBC30050A4F2 /* NSString+UriCompatibility.m */; };
/* End PBXBuildFile section */

/* Begin PBXContainerItemProxy section */
		4A4B56001718B17F0050A4F2 /* PBXContainerItemProxy */ = {
			isa = PBXContainerItemProxy;
			containerPortal = 4A4B559F1718B0700050A4F2 /* Project object */;
			proxyType = 1;
			remoteGlobalIDString = 4A4B55E31718B17F0050A4F2;
			remoteInfo = "DiffMatchPatch Mac";
		};
		4A4B56951718B7870050A4F2 /* PBXContainerItemProxy */ = {
			isa = PBXContainerItemProxy;
			containerPortal = 4A4B559F1718B0700050A4F2 /* Project object */;
			proxyType = 1;
			remoteGlobalIDString = 4A4B56751718B7860050A4F2;
			remoteInfo = "DiffMatchPatch iOS";
		};
/* End PBXContainerItemProxy section */

/* Begin PBXFileReference section */
		4A4B55AC1718B09B0050A4F2 /* Cocoa.framework */ = {isa = PBXFileReference; lastKnownFileType = wrapper.framework; name = Cocoa.framework; path = System/Library/Frameworks/Cocoa.framework; sourceTree = SDKROOT; };
		4A4B55AF1718B09B0050A4F2 /* AppKit.framework */ = {isa = PBXFileReference; lastKnownFileType = wrapper.framework; name = AppKit.framework; path = System/Library/Frameworks/AppKit.framework; sourceTree = SDKROOT; };
		4A4B55B01718B09B0050A4F2 /* CoreData.framework */ = {isa = PBXFileReference; lastKnownFileType = wrapper.framework; name = CoreData.framework; path = System/Library/Frameworks/CoreData.framework; sourceTree = SDKROOT; };
		4A4B55B11718B09B0050A4F2 /* Foundation.framework */ = {isa = PBXFileReference; lastKnownFileType = wrapper.framework; name = Foundation.framework; path = System/Library/Frameworks/Foundation.framework; sourceTree = SDKROOT; };
		4A4B55CA1718B09C0050A4F2 /* SenTestingKit.framework */ = {isa = PBXFileReference; lastKnownFileType = wrapper.framework; name = SenTestingKit.framework; path = Library/Frameworks/SenTestingKit.framework; sourceTree = DEVELOPER_DIR; };
		4A4B55E41718B17F0050A4F2 /* DiffMatchPatch Mac.app */ = {isa = PBXFileReference; explicitFileType = wrapper.application; includeInIndex = 0; path = "DiffMatchPatch Mac.app"; sourceTree = BUILT_PRODUCTS_DIR; };
		4A4B55FD1718B17F0050A4F2 /* DiffMatchPatch Mac Tests.octest */ = {isa = PBXFileReference; explicitFileType = wrapper.cfbundle; includeInIndex = 0; path = "DiffMatchPatch Mac Tests.octest"; sourceTree = BUILT_PRODUCTS_DIR; };
		4A4B56121718B5010050A4F2 /* MacAppDelegate.h */ = {isa = PBXFileReference; fileEncoding = 4; lastKnownFileType = sourcecode.c.h; name = MacAppDelegate.h; path = "Tests/DiffMatchPatch Mac/MacAppDelegate.h"; sourceTree = SOURCE_ROOT; };
		4A4B56131718B5010050A4F2 /* MacAppDelegate.m */ = {isa = PBXFileReference; fileEncoding = 4; lastKnownFileType = sourcecode.c.objc; name = MacAppDelegate.m; path = "Tests/DiffMatchPatch Mac/MacAppDelegate.m"; sourceTree = SOURCE_ROOT; };
		4A4B56161718B50A0050A4F2 /* en */ = {isa = PBXFileReference; lastKnownFileType = file.xib; name = en; path = "Tests/DiffMatchPatch Mac/en.lproj/MainMenu.xib"; sourceTree = SOURCE_ROOT; };
		4A4B56191718B5140050A4F2 /* en */ = {isa = PBXFileReference; lastKnownFileType = text.rtf; name = en; path = "Tests/DiffMatchPatch Mac/en.lproj/Credits.rtf"; sourceTree = SOURCE_ROOT; };
		4A4B561B1718B5140050A4F2 /* en */ = {isa = PBXFileReference; lastKnownFileType = text.plist.strings; name = en; path = "Tests/DiffMatchPatch Mac/en.lproj/InfoPlist.strings"; sourceTree = SOURCE_ROOT; };
		4A4B561F1718B5370050A4F2 /* main.m */ = {isa = PBXFileReference; fileEncoding = 4; lastKnownFileType = sourcecode.c.objc; name = main.m; path = "Tests/DiffMatchPatch Mac/main.m"; sourceTree = SOURCE_ROOT; };
		4A4B56211718B5400050A4F2 /* DiffMatchPatch Mac-Prefix.pch */ = {isa = PBXFileReference; fileEncoding = 4; lastKnownFileType = sourcecode.c.h; name = "DiffMatchPatch Mac-Prefix.pch"; path = "Tests/DiffMatchPatch Mac/DiffMatchPatch Mac-Prefix.pch"; sourceTree = SOURCE_ROOT; };
		4A4B56221718B5900050A4F2 /* DiffMatchPatch MacTests-Info.plist */ = {isa = PBXFileReference; fileEncoding = 4; lastKnownFileType = text.plist.xml; name = "DiffMatchPatch MacTests-Info.plist"; path = "Tests/DiffMatchPatch Mac Tests/DiffMatchPatch MacTests-Info.plist"; sourceTree = SOURCE_ROOT; };
		4A4B56251718B59A0050A4F2 /* en */ = {isa = PBXFileReference; lastKnownFileType = text.plist.strings; name = en; path = "Tests/DiffMatchPatch Mac Tests/en.lproj/InfoPlist.strings"; sourceTree = SOURCE_ROOT; };
		4A4B56271718B5E70050A4F2 /* DiffMatchPatchTests.h */ = {isa = PBXFileReference; fileEncoding = 4; lastKnownFileType = sourcecode.c.h; name = DiffMatchPatchTests.h; path = Tests/DiffMatchPatchTests.h; sourceTree = SOURCE_ROOT; };
		4A4B56281718B5E70050A4F2 /* DiffMatchPatchTests.m */ = {isa = PBXFileReference; fileEncoding = 4; lastKnownFileType = sourcecode.c.objc; lineEnding = 0; name = DiffMatchPatchTests.m; path = Tests/DiffMatchPatchTests.m; sourceTree = SOURCE_ROOT; xcLanguageSpecificationIdentifier = xcode.lang.objc; };
		4A4B56401718B7630050A4F2 /* UIKit.framework */ = {isa = PBXFileReference; lastKnownFileType = wrapper.framework; name = UIKit.framework; path = Library/Frameworks/UIKit.framework; sourceTree = DEVELOPER_DIR; };
		4A4B56421718B7630050A4F2 /* Foundation.framework */ = {isa = PBXFileReference; lastKnownFileType = wrapper.framework; name = Foundation.framework; path = Library/Frameworks/Foundation.framework; sourceTree = DEVELOPER_DIR; };
		4A4B56441718B7630050A4F2 /* CoreGraphics.framework */ = {isa = PBXFileReference; lastKnownFileType = wrapper.framework; name = CoreGraphics.framework; path = Library/Frameworks/CoreGraphics.framework; sourceTree = DEVELOPER_DIR; };
		4A4B56761718B7860050A4F2 /* DiffMatchPatch iOS.app */ = {isa = PBXFileReference; explicitFileType = wrapper.application; includeInIndex = 0; path = "DiffMatchPatch iOS.app"; sourceTree = BUILT_PRODUCTS_DIR; };
		4A4B56911718B7860050A4F2 /* DiffMatchPatch iOS Tests.octest */ = {isa = PBXFileReference; explicitFileType = wrapper.cfbundle; includeInIndex = 0; path = "DiffMatchPatch iOS Tests.octest"; sourceTree = BUILT_PRODUCTS_DIR; };
		4A4B56A61718B8270050A4F2 /* iOSAppDelegate.h */ = {isa = PBXFileReference; fileEncoding = 4; lastKnownFileType = sourcecode.c.h; name = iOSAppDelegate.h; path = "Tests/DiffMatchPatch iOS/iOSAppDelegate.h"; sourceTree = SOURCE_ROOT; };
		4A4B56A71718B8270050A4F2 /* iOSAppDelegate.m */ = {isa = PBXFileReference; fileEncoding = 4; lastKnownFileType = sourcecode.c.objc; name = iOSAppDelegate.m; path = "Tests/DiffMatchPatch iOS/iOSAppDelegate.m"; sourceTree = SOURCE_ROOT; };
		4A4B56A91718B8450050A4F2 /* DiffMatchPatch iOS-Info.plist */ = {isa = PBXFileReference; fileEncoding = 4; lastKnownFileType = text.plist.xml; name = "DiffMatchPatch iOS-Info.plist"; path = "Tests/DiffMatchPatch iOS/DiffMatchPatch iOS-Info.plist"; sourceTree = SOURCE_ROOT; };
		4A4B56B01718B86F0050A4F2 /* DiffMatchPatch iOS-Prefix.pch */ = {isa = PBXFileReference; fileEncoding = 4; lastKnownFileType = sourcecode.c.h; name = "DiffMatchPatch iOS-Prefix.pch"; path = "Tests/DiffMatchPatch iOS/DiffMatchPatch iOS-Prefix.pch"; sourceTree = SOURCE_ROOT; };
		4A4B56B11718B8770050A4F2 /* main.m */ = {isa = PBXFileReference; fileEncoding = 4; lastKnownFileType = sourcecode.c.objc; name = main.m; path = "Tests/DiffMatchPatch iOS/main.m"; sourceTree = SOURCE_ROOT; };
		4A4B56B31718B8820050A4F2 /* Default-568h@2x.png */ = {isa = PBXFileReference; lastKnownFileType = image.png; name = "Default-568h@2x.png"; path = "Tests/DiffMatchPatch iOS/Default-568h@2x.png"; sourceTree = SOURCE_ROOT; };
		4A4B56B41718B8820050A4F2 /* Default.png */ = {isa = PBXFileReference; lastKnownFileType = image.png; name = Default.png; path = "Tests/DiffMatchPatch iOS/Default.png"; sourceTree = SOURCE_ROOT; };
		4A4B56B51718B8820050A4F2 /* Default@2x.png */ = {isa = PBXFileReference; lastKnownFileType = image.png; name = "Default@2x.png"; path = "Tests/DiffMatchPatch iOS/Default@2x.png"; sourceTree = SOURCE_ROOT; };
		4A4B56BA1718B8AB0050A4F2 /* en */ = {isa = PBXFileReference; lastKnownFileType = text.plist.strings; name = en; path = "Tests/DiffMatchPatch iOS/en.lproj/InfoPlist.strings"; sourceTree = SOURCE_ROOT; };
		4A4B56C11718B9D10050A4F2 /* en */ = {isa = PBXFileReference; lastKnownFileType = text.plist.strings; name = en; path = "Tests/DiffMatchPatch iOS Tests/en.lproj/InfoPlist.strings"; sourceTree = SOURCE_ROOT; };
		4A4B56C31718BA650050A4F2 /* DiffMatchPatch iOS Tests-Info.plist */ = {isa = PBXFileReference; fileEncoding = 4; lastKnownFileType = text.plist.xml; name = "DiffMatchPatch iOS Tests-Info.plist"; path = "Tests/DiffMatchPatch iOS Tests/DiffMatchPatch iOS Tests-Info.plist"; sourceTree = SOURCE_ROOT; };
		4A4B56CA1718BBC30050A4F2 /* DiffMatchPatch.h */ = {isa = PBXFileReference; fileEncoding = 4; lastKnownFileType = sourcecode.c.h; name = DiffMatchPatch.h; path = Source/DiffMatchPatch.h; sourceTree = "<group>"; };
		4A4B56CB1718BBC30050A4F2 /* DiffMatchPatch.m */ = {isa = PBXFileReference; fileEncoding = 4; lastKnownFileType = sourcecode.c.objc; lineEnding = 0; name = DiffMatchPatch.m; path = Source/DiffMatchPatch.m; sourceTree = "<group>"; xcLanguageSpecificationIdentifier = xcode.lang.objc; };
		4A4B56CC1718BBC30050A4F2 /* DiffMatchPatchCFUtilities.h */ = {isa = PBXFileReference; fileEncoding = 4; lastKnownFileType = sourcecode.c.h; lineEnding = 0; name = DiffMatchPatchCFUtilities.h; path = Source/DiffMatchPatchCFUtilities.h; sourceTree = "<group>"; xcLanguageSpecificationIdentifier = xcode.lang.objcpp; };
		4A4B56CD1718BBC30050A4F2 /* DiffMatchPatchCFUtilities.m */ = {isa = PBXFileReference; fileEncoding = 4; lastKnownFileType = sourcecode.c.objc; lineEnding = 0; name = DiffMatchPatchCFUtilities.m; path = Source/DiffMatchPatchCFUtilities.m; sourceTree = "<group>"; xcLanguageSpecificationIdentifier = xcode.lang.objc; };
		4A4B56CE1718BBC30050A4F2 /* DiffMatchPatchInternals.h */ = {isa = PBXFileReference; fileEncoding = 4; lastKnownFileType = sourcecode.c.h; name = DiffMatchPatchInternals.h; path = Source/DiffMatchPatchInternals.h; sourceTree = "<group>"; };
		4A4B56CF1718BBC30050A4F2 /* DMDiff.h */ = {isa = PBXFileReference; fileEncoding = 4; lastKnownFileType = sourcecode.c.h; name = DMDiff.h; path = Source/DMDiff.h; sourceTree = "<group>"; };
		4A4B56D01718BBC30050A4F2 /* DMDiff.m */ = {isa = PBXFileReference; fileEncoding = 4; lastKnownFileType = sourcecode.c.objc; name = DMDiff.m; path = Source/DMDiff.m; sourceTree = "<group>"; };
		4A4B56D11718BBC30050A4F2 /* DMPatch.h */ = {isa = PBXFileReference; fileEncoding = 4; lastKnownFileType = sourcecode.c.h; name = DMPatch.h; path = Source/DMPatch.h; sourceTree = "<group>"; };
		4A4B56D21718BBC30050A4F2 /* DMPatch.m */ = {isa = PBXFileReference; fileEncoding = 4; lastKnownFileType = sourcecode.c.objc; name = DMPatch.m; path = Source/DMPatch.m; sourceTree = "<group>"; };
		4A4B56D31718BBC30050A4F2 /* NSString+UriCompatibility.h */ = {isa = PBXFileReference; fileEncoding = 4; lastKnownFileType = sourcecode.c.h; name = "NSString+UriCompatibility.h"; path = "Source/NSString+UriCompatibility.h"; sourceTree = "<group>"; };
		4A4B56D41718BBC30050A4F2 /* NSString+UriCompatibility.m */ = {isa = PBXFileReference; fileEncoding = 4; lastKnownFileType = sourcecode.c.objc; name = "NSString+UriCompatibility.m"; path = "Source/NSString+UriCompatibility.m"; sourceTree = "<group>"; };
/* End PBXFileReference section */

/* Begin PBXFrameworksBuildPhase section */
		4A4B55E11718B17F0050A4F2 /* Frameworks */ = {
			isa = PBXFrameworksBuildPhase;
			buildActionMask = 2147483647;
			files = (
				4A4B55E51718B17F0050A4F2 /* Cocoa.framework in Frameworks */,
			);
			runOnlyForDeploymentPostprocessing = 0;
		};
		4A4B55F91718B17F0050A4F2 /* Frameworks */ = {
			isa = PBXFrameworksBuildPhase;
			buildActionMask = 2147483647;
			files = (
				4A4B55FE1718B17F0050A4F2 /* SenTestingKit.framework in Frameworks */,
				4A4B55FF1718B17F0050A4F2 /* Cocoa.framework in Frameworks */,
			);
			runOnlyForDeploymentPostprocessing = 0;
		};
		4A4B56731718B7860050A4F2 /* Frameworks */ = {
			isa = PBXFrameworksBuildPhase;
			buildActionMask = 2147483647;
			files = (
				4A4B56771718B7860050A4F2 /* UIKit.framework in Frameworks */,
				4A4B56781718B7860050A4F2 /* Foundation.framework in Frameworks */,
				4A4B56791718B7860050A4F2 /* CoreGraphics.framework in Frameworks */,
			);
			runOnlyForDeploymentPostprocessing = 0;
		};
		4A4B568D1718B7860050A4F2 /* Frameworks */ = {
			isa = PBXFrameworksBuildPhase;
			buildActionMask = 2147483647;
			files = (
				4A4B56921718B7870050A4F2 /* SenTestingKit.framework in Frameworks */,
				4A4B56931718B7870050A4F2 /* UIKit.framework in Frameworks */,
				4A4B56941718B7870050A4F2 /* Foundation.framework in Frameworks */,
			);
			runOnlyForDeploymentPostprocessing = 0;
		};
/* End PBXFrameworksBuildPhase section */

/* Begin PBXGroup section */
		4A4B559E1718B0700050A4F2 = {
			isa = PBXGroup;
			children = (
				4A4B562A1718B6B00050A4F2 /* DiffMatchPatch */,
				4A4B56111718B4C10050A4F2 /* Tests */,
				4A4B55AB1718B09B0050A4F2 /* Frameworks */,
				4A4B55AA1718B09B0050A4F2 /* Products */,
			);
			sourceTree = "<group>";
		};
		4A4B55AA1718B09B0050A4F2 /* Products */ = {
			isa = PBXGroup;
			children = (
				4A4B55E41718B17F0050A4F2 /* DiffMatchPatch Mac.app */,
				4A4B55FD1718B17F0050A4F2 /* DiffMatchPatch Mac Tests.octest */,
				4A4B56761718B7860050A4F2 /* DiffMatchPatch iOS.app */,
				4A4B56911718B7860050A4F2 /* DiffMatchPatch iOS Tests.octest */,
			);
			name = Products;
			sourceTree = "<group>";
		};
		4A4B55AB1718B09B0050A4F2 /* Frameworks */ = {
			isa = PBXGroup;
			children = (
				4A4B55AC1718B09B0050A4F2 /* Cocoa.framework */,
				4A4B55CA1718B09C0050A4F2 /* SenTestingKit.framework */,
				4A4B56401718B7630050A4F2 /* UIKit.framework */,
				4A4B56421718B7630050A4F2 /* Foundation.framework */,
				4A4B56441718B7630050A4F2 /* CoreGraphics.framework */,
				4A4B55AE1718B09B0050A4F2 /* Other Frameworks */,
			);
			name = Frameworks;
			sourceTree = "<group>";
		};
		4A4B55AE1718B09B0050A4F2 /* Other Frameworks */ = {
			isa = PBXGroup;
			children = (
				4A4B55AF1718B09B0050A4F2 /* AppKit.framework */,
				4A4B55B01718B09B0050A4F2 /* CoreData.framework */,
				4A4B55B11718B09B0050A4F2 /* Foundation.framework */,
			);
			name = "Other Frameworks";
			sourceTree = "<group>";
		};
		4A4B55E61718B17F0050A4F2 /* DiffMatchPatch Mac */ = {
			isa = PBXGroup;
			children = (
				4A4B56121718B5010050A4F2 /* MacAppDelegate.h */,
				4A4B56131718B5010050A4F2 /* MacAppDelegate.m */,
				4A4B56151718B50A0050A4F2 /* MainMenu.xib */,
				4A4B55E71718B17F0050A4F2 /* Supporting Files */,
			);
			path = "DiffMatchPatch Mac";
			sourceTree = "<group>";
		};
		4A4B55E71718B17F0050A4F2 /* Supporting Files */ = {
			isa = PBXGroup;
			children = (
				4A4B56181718B5140050A4F2 /* Credits.rtf */,
				4A4B561A1718B5140050A4F2 /* InfoPlist.strings */,
				4A4B56211718B5400050A4F2 /* DiffMatchPatch Mac-Prefix.pch */,
				4A4B561F1718B5370050A4F2 /* main.m */,
			);
			name = "Supporting Files";
			sourceTree = "<group>";
		};
		4A4B56021718B17F0050A4F2 /* DiffMatchPatch Mac Tests */ = {
			isa = PBXGroup;
			children = (
				4A4B56031718B17F0050A4F2 /* Supporting Files */,
			);
			name = "DiffMatchPatch Mac Tests";
			path = "DiffMatchPatch MacTests";
			sourceTree = "<group>";
		};
		4A4B56031718B17F0050A4F2 /* Supporting Files */ = {
			isa = PBXGroup;
			children = (
				4A4B56221718B5900050A4F2 /* DiffMatchPatch MacTests-Info.plist */,
				4A4B56241718B59A0050A4F2 /* InfoPlist.strings */,
			);
			name = "Supporting Files";
			sourceTree = "<group>";
		};
		4A4B56111718B4C10050A4F2 /* Tests */ = {
			isa = PBXGroup;
			children = (
				4A4B56271718B5E70050A4F2 /* DiffMatchPatchTests.h */,
				4A4B56281718B5E70050A4F2 /* DiffMatchPatchTests.m */,
				4A4B55E61718B17F0050A4F2 /* DiffMatchPatch Mac */,
				4A4B56021718B17F0050A4F2 /* DiffMatchPatch Mac Tests */,
				4A4B567A1718B7860050A4F2 /* DiffMatchPatch iOS */,
				4A4B56971718B7870050A4F2 /* DiffMatchPatch iOS Tests */,
			);
			name = Tests;
			sourceTree = "<group>";
		};
		4A4B562A1718B6B00050A4F2 /* DiffMatchPatch */ = {
			isa = PBXGroup;
			children = (
				4A4B56CA1718BBC30050A4F2 /* DiffMatchPatch.h */,
				4A4B56CB1718BBC30050A4F2 /* DiffMatchPatch.m */,
				4A4B56CE1718BBC30050A4F2 /* DiffMatchPatchInternals.h */,
				4A4B56CC1718BBC30050A4F2 /* DiffMatchPatchCFUtilities.h */,
				4A4B56CD1718BBC30050A4F2 /* DiffMatchPatchCFUtilities.m */,
				4A4B56CF1718BBC30050A4F2 /* DMDiff.h */,
				4A4B56D01718BBC30050A4F2 /* DMDiff.m */,
				4A4B56D11718BBC30050A4F2 /* DMPatch.h */,
				4A4B56D21718BBC30050A4F2 /* DMPatch.m */,
				4A4B56D31718BBC30050A4F2 /* NSString+UriCompatibility.h */,
				4A4B56D41718BBC30050A4F2 /* NSString+UriCompatibility.m */,
			);
			name = DiffMatchPatch;
			sourceTree = "<group>";
		};
		4A4B567A1718B7860050A4F2 /* DiffMatchPatch iOS */ = {
			isa = PBXGroup;
			children = (
				4A4B56A61718B8270050A4F2 /* iOSAppDelegate.h */,
				4A4B56A71718B8270050A4F2 /* iOSAppDelegate.m */,
				4A4B567B1718B7860050A4F2 /* Supporting Files */,
			);
			path = "DiffMatchPatch iOS";
			sourceTree = "<group>";
		};
		4A4B567B1718B7860050A4F2 /* Supporting Files */ = {
			isa = PBXGroup;
			children = (
				4A4B56A91718B8450050A4F2 /* DiffMatchPatch iOS-Info.plist */,
				4A4B56B11718B8770050A4F2 /* main.m */,
				4A4B56B91718B8AB0050A4F2 /* InfoPlist.strings */,
				4A4B56B01718B86F0050A4F2 /* DiffMatchPatch iOS-Prefix.pch */,
				4A4B56B31718B8820050A4F2 /* Default-568h@2x.png */,
				4A4B56B41718B8820050A4F2 /* Default.png */,
				4A4B56B51718B8820050A4F2 /* Default@2x.png */,
			);
			name = "Supporting Files";
			sourceTree = "<group>";
		};
		4A4B56971718B7870050A4F2 /* DiffMatchPatch iOS Tests */ = {
			isa = PBXGroup;
			children = (
				4A4B56981718B7870050A4F2 /* Supporting Files */,
			);
			name = "DiffMatchPatch iOS Tests";
			path = "DiffMatchPatch iOSTests";
			sourceTree = "<group>";
		};
		4A4B56981718B7870050A4F2 /* Supporting Files */ = {
			isa = PBXGroup;
			children = (
				4A4B56C31718BA650050A4F2 /* DiffMatchPatch iOS Tests-Info.plist */,
				4A4B56C01718B9D10050A4F2 /* InfoPlist.strings */,
			);
			name = "Supporting Files";
			sourceTree = "<group>";
		};
/* End PBXGroup section */

/* Begin PBXNativeTarget section */
		4A4B55E31718B17F0050A4F2 /* DiffMatchPatch Mac */ = {
			isa = PBXNativeTarget;
			buildConfigurationList = 4A4B560B1718B17F0050A4F2 /* Build configuration list for PBXNativeTarget "DiffMatchPatch Mac" */;
			buildPhases = (
				4A4B55E01718B17F0050A4F2 /* Sources */,
				4A4B55E11718B17F0050A4F2 /* Frameworks */,
				4A4B55E21718B17F0050A4F2 /* Resources */,
			);
			buildRules = (
			);
			dependencies = (
			);
			name = "DiffMatchPatch Mac";
			productName = "DiffMatchPatch Mac";
			productReference = 4A4B55E41718B17F0050A4F2 /* DiffMatchPatch Mac.app */;
			productType = "com.apple.product-type.application";
		};
		4A4B55FC1718B17F0050A4F2 /* DiffMatchPatch Mac Tests */ = {
			isa = PBXNativeTarget;
			buildConfigurationList = 4A4B560E1718B17F0050A4F2 /* Build configuration list for PBXNativeTarget "DiffMatchPatch Mac Tests" */;
			buildPhases = (
				4A4B55F81718B17F0050A4F2 /* Sources */,
				4A4B55F91718B17F0050A4F2 /* Frameworks */,
				4A4B55FA1718B17F0050A4F2 /* Resources */,
				4A4B55FB1718B17F0050A4F2 /* ShellScript */,
			);
			buildRules = (
			);
			dependencies = (
				4A4B56011718B17F0050A4F2 /* PBXTargetDependency */,
			);
			name = "DiffMatchPatch Mac Tests";
			productName = "DiffMatchPatch MacTests";
			productReference = 4A4B55FD1718B17F0050A4F2 /* DiffMatchPatch Mac Tests.octest */;
			productType = "com.apple.product-type.bundle";
		};
		4A4B56751718B7860050A4F2 /* DiffMatchPatch iOS */ = {
			isa = PBXNativeTarget;
			buildConfigurationList = 4A4B56A01718B7870050A4F2 /* Build configuration list for PBXNativeTarget "DiffMatchPatch iOS" */;
			buildPhases = (
				4A4B56721718B7860050A4F2 /* Sources */,
				4A4B56731718B7860050A4F2 /* Frameworks */,
				4A4B56741718B7860050A4F2 /* Resources */,
			);
			buildRules = (
			);
			dependencies = (
			);
			name = "DiffMatchPatch iOS";
			productName = "DiffMatchPatch iOS";
			productReference = 4A4B56761718B7860050A4F2 /* DiffMatchPatch iOS.app */;
			productType = "com.apple.product-type.application";
		};
		4A4B56901718B7860050A4F2 /* DiffMatchPatch iOS Tests */ = {
			isa = PBXNativeTarget;
			buildConfigurationList = 4A4B56A31718B7870050A4F2 /* Build configuration list for PBXNativeTarget "DiffMatchPatch iOS Tests" */;
			buildPhases = (
				4A4B568C1718B7860050A4F2 /* Sources */,
				4A4B568D1718B7860050A4F2 /* Frameworks */,
				4A4B568E1718B7860050A4F2 /* Resources */,
				4A4B568F1718B7860050A4F2 /* ShellScript */,
			);
			buildRules = (
			);
			dependencies = (
				4A4B56961718B7870050A4F2 /* PBXTargetDependency */,
			);
			name = "DiffMatchPatch iOS Tests";
			productName = "DiffMatchPatch iOSTests";
			productReference = 4A4B56911718B7860050A4F2 /* DiffMatchPatch iOS Tests.octest */;
			productType = "com.apple.product-type.bundle";
		};
/* End PBXNativeTarget section */

/* Begin PBXProject section */
		4A4B559F1718B0700050A4F2 /* Project object */ = {
			isa = PBXProject;
			attributes = {
				LastUpgradeCheck = 0460;
			};
			buildConfigurationList = 4A4B55A21718B0700050A4F2 /* Build configuration list for PBXProject "DiffMatchPatch" */;
			compatibilityVersion = "Xcode 3.2";
			developmentRegion = English;
			hasScannedForEncodings = 0;
			knownRegions = (
				en,
			);
			mainGroup = 4A4B559E1718B0700050A4F2;
			productRefGroup = 4A4B55AA1718B09B0050A4F2 /* Products */;
			projectDirPath = "";
			projectRoot = "";
			targets = (
				4A4B55E31718B17F0050A4F2 /* DiffMatchPatch Mac */,
				4A4B55FC1718B17F0050A4F2 /* DiffMatchPatch Mac Tests */,
				4A4B56751718B7860050A4F2 /* DiffMatchPatch iOS */,
				4A4B56901718B7860050A4F2 /* DiffMatchPatch iOS Tests */,
			);
		};
/* End PBXProject section */

/* Begin PBXResourcesBuildPhase section */
		4A4B55E21718B17F0050A4F2 /* Resources */ = {
			isa = PBXResourcesBuildPhase;
			buildActionMask = 2147483647;
			files = (
				4A4B56171718B50A0050A4F2 /* MainMenu.xib in Resources */,
				4A4B561C1718B5140050A4F2 /* Credits.rtf in Resources */,
				4A4B561D1718B5140050A4F2 /* InfoPlist.strings in Resources */,
			);
			runOnlyForDeploymentPostprocessing = 0;
		};
		4A4B55FA1718B17F0050A4F2 /* Resources */ = {
			isa = PBXResourcesBuildPhase;
			buildActionMask = 2147483647;
			files = (
				4A4B56261718B59A0050A4F2 /* InfoPlist.strings in Resources */,
			);
			runOnlyForDeploymentPostprocessing = 0;
		};
		4A4B56741718B7860050A4F2 /* Resources */ = {
			isa = PBXResourcesBuildPhase;
			buildActionMask = 2147483647;
			files = (
				4A4B56B61718B8820050A4F2 /* Default-568h@2x.png in Resources */,
				4A4B56B71718B8820050A4F2 /* Default.png in Resources */,
				4A4B56B81718B8820050A4F2 /* Default@2x.png in Resources */,
				4A4B56BB1718B8AB0050A4F2 /* InfoPlist.strings in Resources */,
			);
			runOnlyForDeploymentPostprocessing = 0;
		};
		4A4B568E1718B7860050A4F2 /* Resources */ = {
			isa = PBXResourcesBuildPhase;
			buildActionMask = 2147483647;
			files = (
				4A4B56C21718B9D10050A4F2 /* InfoPlist.strings in Resources */,
			);
			runOnlyForDeploymentPostprocessing = 0;
		};
/* End PBXResourcesBuildPhase section */

/* Begin PBXShellScriptBuildPhase section */
		4A4B55FB1718B17F0050A4F2 /* ShellScript */ = {
			isa = PBXShellScriptBuildPhase;
			buildActionMask = 2147483647;
			files = (
			);
			inputPaths = (
			);
			outputPaths = (
			);
			runOnlyForDeploymentPostprocessing = 0;
			shellPath = /bin/sh;
			shellScript = "# Run the unit tests in this test bundle.\n\"${SYSTEM_DEVELOPER_DIR}/Tools/RunUnitTests\"\n";
		};
		4A4B568F1718B7860050A4F2 /* ShellScript */ = {
			isa = PBXShellScriptBuildPhase;
			buildActionMask = 2147483647;
			files = (
			);
			inputPaths = (
			);
			outputPaths = (
			);
			runOnlyForDeploymentPostprocessing = 0;
			shellPath = /bin/sh;
			shellScript = "# Run the unit tests in this test bundle.\n\"${SYSTEM_DEVELOPER_DIR}/Tools/RunUnitTests\"\n";
		};
/* End PBXShellScriptBuildPhase section */

/* Begin PBXSourcesBuildPhase section */
		4A4B55E01718B17F0050A4F2 /* Sources */ = {
			isa = PBXSourcesBuildPhase;
			buildActionMask = 2147483647;
			files = (
				4A4B56141718B5010050A4F2 /* MacAppDelegate.m in Sources */,
				4A4B56201718B5370050A4F2 /* main.m in Sources */,
				4A4B56D51718BBC30050A4F2 /* DiffMatchPatch.m in Sources */,
				4A4B56D71718BBC30050A4F2 /* DiffMatchPatchCFUtilities.m in Sources */,
				4A4B56D91718BBC30050A4F2 /* DMDiff.m in Sources */,
				4A4B56DB1718BBC30050A4F2 /* DMPatch.m in Sources */,
				4A4B56DD1718BBC30050A4F2 /* NSString+UriCompatibility.m in Sources */,
			);
			runOnlyForDeploymentPostprocessing = 0;
		};
		4A4B55F81718B17F0050A4F2 /* Sources */ = {
			isa = PBXSourcesBuildPhase;
			buildActionMask = 2147483647;
			files = (
				4A4B56291718B5E70050A4F2 /* DiffMatchPatchTests.m in Sources */,
			);
			runOnlyForDeploymentPostprocessing = 0;
		};
		4A4B56721718B7860050A4F2 /* Sources */ = {
			isa = PBXSourcesBuildPhase;
			buildActionMask = 2147483647;
			files = (
				4A4B56A81718B8270050A4F2 /* iOSAppDelegate.m in Sources */,
				4A4B56B21718B8770050A4F2 /* main.m in Sources */,
				4A4B56D61718BBC30050A4F2 /* DiffMatchPatch.m in Sources */,
				4A4B56D81718BBC30050A4F2 /* DiffMatchPatchCFUtilities.m in Sources */,
				4A4B56DA1718BBC30050A4F2 /* DMDiff.m in Sources */,
				4A4B56DC1718BBC30050A4F2 /* DMPatch.m in Sources */,
				4A4B56DE1718BBC30050A4F2 /* NSString+UriCompatibility.m in Sources */,
			);
			runOnlyForDeploymentPostprocessing = 0;
		};
		4A4B568C1718B7860050A4F2 /* Sources */ = {
			isa = PBXSourcesBuildPhase;
			buildActionMask = 2147483647;
			files = (
				4A4B56C51718BB510050A4F2 /* DiffMatchPatchTests.m in Sources */,
				4A5D0C541719DC1F00DBA40A /* DiffMatchPatch.m in Sources */,
				4A5D0C551719DC1F00DBA40A /* DiffMatchPatchCFUtilities.m in Sources */,
				4A5D0C561719DC1F00DBA40A /* DMDiff.m in Sources */,
				4A5D0C571719DC1F00DBA40A /* DMPatch.m in Sources */,
				4A5D0C581719DC1F00DBA40A /* NSString+UriCompatibility.m in Sources */,
			);
			runOnlyForDeploymentPostprocessing = 0;
		};
/* End PBXSourcesBuildPhase section */

/* Begin PBXTargetDependency section */
		4A4B56011718B17F0050A4F2 /* PBXTargetDependency */ = {
			isa = PBXTargetDependency;
			target = 4A4B55E31718B17F0050A4F2 /* DiffMatchPatch Mac */;
			targetProxy = 4A4B56001718B17F0050A4F2 /* PBXContainerItemProxy */;
		};
		4A4B56961718B7870050A4F2 /* PBXTargetDependency */ = {
			isa = PBXTargetDependency;
			target = 4A4B56751718B7860050A4F2 /* DiffMatchPatch iOS */;
			targetProxy = 4A4B56951718B7870050A4F2 /* PBXContainerItemProxy */;
		};
/* End PBXTargetDependency section */

/* Begin PBXVariantGroup section */
		4A4B56151718B50A0050A4F2 /* MainMenu.xib */ = {
			isa = PBXVariantGroup;
			children = (
				4A4B56161718B50A0050A4F2 /* en */,
			);
			name = MainMenu.xib;
			sourceTree = "<group>";
		};
		4A4B56181718B5140050A4F2 /* Credits.rtf */ = {
			isa = PBXVariantGroup;
			children = (
				4A4B56191718B5140050A4F2 /* en */,
			);
			name = Credits.rtf;
			sourceTree = "<group>";
		};
		4A4B561A1718B5140050A4F2 /* InfoPlist.strings */ = {
			isa = PBXVariantGroup;
			children = (
				4A4B561B1718B5140050A4F2 /* en */,
			);
			name = InfoPlist.strings;
			sourceTree = "<group>";
		};
		4A4B56241718B59A0050A4F2 /* InfoPlist.strings */ = {
			isa = PBXVariantGroup;
			children = (
				4A4B56251718B59A0050A4F2 /* en */,
			);
			name = InfoPlist.strings;
			sourceTree = "<group>";
		};
		4A4B56B91718B8AB0050A4F2 /* InfoPlist.strings */ = {
			isa = PBXVariantGroup;
			children = (
				4A4B56BA1718B8AB0050A4F2 /* en */,
			);
			name = InfoPlist.strings;
			sourceTree = "<group>";
		};
		4A4B56C01718B9D10050A4F2 /* InfoPlist.strings */ = {
			isa = PBXVariantGroup;
			children = (
				4A4B56C11718B9D10050A4F2 /* en */,
			);
			name = InfoPlist.strings;
			sourceTree = "<group>";
		};
/* End PBXVariantGroup section */

/* Begin XCBuildConfiguration section */
		4A4B55A31718B0700050A4F2 /* Debug */ = {
			isa = XCBuildConfiguration;
			buildSettings = {
			};
			name = Debug;
		};
		4A4B55A41718B0700050A4F2 /* Release */ = {
			isa = XCBuildConfiguration;
			buildSettings = {
			};
			name = Release;
		};
		4A4B560C1718B17F0050A4F2 /* Debug */ = {
			isa = XCBuildConfiguration;
			buildSettings = {
				ALWAYS_SEARCH_USER_PATHS = NO;
				ARCHS = "$(ARCHS_STANDARD_64_BIT)";
				CLANG_CXX_LANGUAGE_STANDARD = "gnu++0x";
				CLANG_CXX_LIBRARY = "libc++";
				CLANG_ENABLE_OBJC_ARC = YES;
				CLANG_WARN_CONSTANT_CONVERSION = YES;
				CLANG_WARN_EMPTY_BODY = YES;
				CLANG_WARN_ENUM_CONVERSION = YES;
				CLANG_WARN_INT_CONVERSION = YES;
				CLANG_WARN__DUPLICATE_METHOD_MATCH = YES;
				COMBINE_HIDPI_IMAGES = YES;
				COPY_PHASE_STRIP = NO;
				GCC_C_LANGUAGE_STANDARD = gnu99;
				GCC_DYNAMIC_NO_PIC = NO;
				GCC_ENABLE_OBJC_EXCEPTIONS = YES;
				GCC_OPTIMIZATION_LEVEL = 0;
				GCC_PRECOMPILE_PREFIX_HEADER = YES;
				GCC_PREFIX_HEADER = "Tests/DiffMatchPatch Mac/DiffMatchPatch Mac-Prefix.pch";
				GCC_PREPROCESSOR_DEFINITIONS = (
					"DEBUG=1",
					"$(inherited)",
				);
				GCC_SYMBOLS_PRIVATE_EXTERN = NO;
				GCC_WARN_64_TO_32_BIT_CONVERSION = YES;
				GCC_WARN_ABOUT_RETURN_TYPE = YES;
				GCC_WARN_UNINITIALIZED_AUTOS = YES;
				GCC_WARN_UNUSED_VARIABLE = YES;
				INFOPLIST_FILE = "Tests/DiffMatchPatch Mac/DiffMatchPatch Mac-Info.plist";
				MACOSX_DEPLOYMENT_TARGET = 10.8;
				ONLY_ACTIVE_ARCH = YES;
				PRODUCT_NAME = "$(TARGET_NAME)";
				SDKROOT = macosx;
				WRAPPER_EXTENSION = app;
			};
			name = Debug;
		};
		4A4B560D1718B17F0050A4F2 /* Release */ = {
			isa = XCBuildConfiguration;
			buildSettings = {
				ALWAYS_SEARCH_USER_PATHS = NO;
				ARCHS = "$(ARCHS_STANDARD_64_BIT)";
				CLANG_CXX_LANGUAGE_STANDARD = "gnu++0x";
				CLANG_CXX_LIBRARY = "libc++";
				CLANG_ENABLE_OBJC_ARC = YES;
				CLANG_WARN_CONSTANT_CONVERSION = YES;
				CLANG_WARN_EMPTY_BODY = YES;
				CLANG_WARN_ENUM_CONVERSION = YES;
				CLANG_WARN_INT_CONVERSION = YES;
				CLANG_WARN__DUPLICATE_METHOD_MATCH = YES;
				COMBINE_HIDPI_IMAGES = YES;
				COPY_PHASE_STRIP = YES;
				DEBUG_INFORMATION_FORMAT = "dwarf-with-dsym";
				GCC_C_LANGUAGE_STANDARD = gnu99;
				GCC_ENABLE_OBJC_EXCEPTIONS = YES;
				GCC_PRECOMPILE_PREFIX_HEADER = YES;
				GCC_PREFIX_HEADER = "Tests/DiffMatchPatch Mac/DiffMatchPatch Mac-Prefix.pch";
				GCC_SYMBOLS_PRIVATE_EXTERN = NO;
				GCC_WARN_64_TO_32_BIT_CONVERSION = YES;
				GCC_WARN_ABOUT_RETURN_TYPE = YES;
				GCC_WARN_UNINITIALIZED_AUTOS = YES;
				GCC_WARN_UNUSED_VARIABLE = YES;
				INFOPLIST_FILE = "Tests/DiffMatchPatch Mac/DiffMatchPatch Mac-Info.plist";
				MACOSX_DEPLOYMENT_TARGET = 10.8;
				PRODUCT_NAME = "$(TARGET_NAME)";
				SDKROOT = macosx;
				WRAPPER_EXTENSION = app;
			};
			name = Release;
		};
		4A4B560F1718B17F0050A4F2 /* Debug */ = {
			isa = XCBuildConfiguration;
			buildSettings = {
				ALWAYS_SEARCH_USER_PATHS = NO;
				ARCHS = "$(ARCHS_STANDARD_64_BIT)";
				BUNDLE_LOADER = "$(BUILT_PRODUCTS_DIR)/DiffMatchPatch Mac.app/Contents/MacOS/DiffMatchPatch Mac";
				CLANG_CXX_LANGUAGE_STANDARD = "gnu++0x";
				CLANG_CXX_LIBRARY = "libc++";
				CLANG_ENABLE_OBJC_ARC = YES;
				CLANG_WARN_CONSTANT_CONVERSION = YES;
				CLANG_WARN_EMPTY_BODY = YES;
				CLANG_WARN_ENUM_CONVERSION = YES;
				CLANG_WARN_INT_CONVERSION = YES;
				CLANG_WARN__DUPLICATE_METHOD_MATCH = YES;
				COMBINE_HIDPI_IMAGES = YES;
				COPY_PHASE_STRIP = NO;
				FRAMEWORK_SEARCH_PATHS = "\"$(DEVELOPER_LIBRARY_DIR)/Frameworks\"";
				GCC_C_LANGUAGE_STANDARD = gnu99;
				GCC_DYNAMIC_NO_PIC = NO;
				GCC_ENABLE_OBJC_EXCEPTIONS = YES;
				GCC_OPTIMIZATION_LEVEL = 0;
				GCC_PRECOMPILE_PREFIX_HEADER = YES;
				GCC_PREFIX_HEADER = "Tests/DiffMatchPatch Mac/DiffMatchPatch Mac-Prefix.pch";
				GCC_PREPROCESSOR_DEFINITIONS = (
					"DEBUG=1",
					"$(inherited)",
				);
				GCC_SYMBOLS_PRIVATE_EXTERN = NO;
				GCC_WARN_64_TO_32_BIT_CONVERSION = YES;
				GCC_WARN_ABOUT_RETURN_TYPE = YES;
				GCC_WARN_UNINITIALIZED_AUTOS = YES;
				GCC_WARN_UNUSED_VARIABLE = YES;
				INFOPLIST_FILE = "Tests/DiffMatchPatch Mac Tests/DiffMatchPatch MacTests-Info.plist";
				MACOSX_DEPLOYMENT_TARGET = 10.8;
				ONLY_ACTIVE_ARCH = YES;
				PRODUCT_NAME = "$(TARGET_NAME)";
				SDKROOT = macosx;
				TEST_HOST = "$(BUNDLE_LOADER)";
				WRAPPER_EXTENSION = octest;
			};
			name = Debug;
		};
		4A4B56101718B17F0050A4F2 /* Release */ = {
			isa = XCBuildConfiguration;
			buildSettings = {
				ALWAYS_SEARCH_USER_PATHS = NO;
				ARCHS = "$(ARCHS_STANDARD_64_BIT)";
				BUNDLE_LOADER = "$(BUILT_PRODUCTS_DIR)/DiffMatchPatch Mac.app/Contents/MacOS/DiffMatchPatch Mac";
				CLANG_CXX_LANGUAGE_STANDARD = "gnu++0x";
				CLANG_CXX_LIBRARY = "libc++";
				CLANG_ENABLE_OBJC_ARC = YES;
				CLANG_WARN_CONSTANT_CONVERSION = YES;
				CLANG_WARN_EMPTY_BODY = YES;
				CLANG_WARN_ENUM_CONVERSION = YES;
				CLANG_WARN_INT_CONVERSION = YES;
				CLANG_WARN__DUPLICATE_METHOD_MATCH = YES;
				COMBINE_HIDPI_IMAGES = YES;
				COPY_PHASE_STRIP = YES;
				DEBUG_INFORMATION_FORMAT = "dwarf-with-dsym";
				FRAMEWORK_SEARCH_PATHS = "\"$(DEVELOPER_LIBRARY_DIR)/Frameworks\"";
				GCC_C_LANGUAGE_STANDARD = gnu99;
				GCC_ENABLE_OBJC_EXCEPTIONS = YES;
				GCC_PRECOMPILE_PREFIX_HEADER = YES;
				GCC_PREFIX_HEADER = "Tests/DiffMatchPatch Mac/DiffMatchPatch Mac-Prefix.pch";
				GCC_WARN_64_TO_32_BIT_CONVERSION = YES;
				GCC_WARN_ABOUT_RETURN_TYPE = YES;
				GCC_WARN_UNINITIALIZED_AUTOS = YES;
				GCC_WARN_UNUSED_VARIABLE = YES;
				INFOPLIST_FILE = "Tests/DiffMatchPatch Mac Tests/DiffMatchPatch MacTests-Info.plist";
				MACOSX_DEPLOYMENT_TARGET = 10.8;
				PRODUCT_NAME = "$(TARGET_NAME)";
				SDKROOT = macosx;
				TEST_HOST = "$(BUNDLE_LOADER)";
				WRAPPER_EXTENSION = octest;
			};
			name = Release;
		};
		4A4B56A11718B7870050A4F2 /* Debug */ = {
			isa = XCBuildConfiguration;
			buildSettings = {
				ALWAYS_SEARCH_USER_PATHS = NO;
				CLANG_CXX_LANGUAGE_STANDARD = "gnu++0x";
				CLANG_CXX_LIBRARY = "libc++";
				CLANG_ENABLE_OBJC_ARC = YES;
				CLANG_WARN_CONSTANT_CONVERSION = YES;
				CLANG_WARN_EMPTY_BODY = YES;
				CLANG_WARN_ENUM_CONVERSION = YES;
				CLANG_WARN_INT_CONVERSION = YES;
				CLANG_WARN__DUPLICATE_METHOD_MATCH = YES;
				"CODE_SIGN_IDENTITY[sdk=iphoneos*]" = "iPhone Developer";
				COPY_PHASE_STRIP = NO;
				FRAMEWORK_SEARCH_PATHS = (
					"$(inherited)",
					"\"$(SYSTEM_APPS_DIR)/Xcode.app/Contents/Developer/Library/Frameworks\"",
				);
				GCC_C_LANGUAGE_STANDARD = gnu99;
				GCC_DYNAMIC_NO_PIC = NO;
				GCC_OPTIMIZATION_LEVEL = 0;
				GCC_PRECOMPILE_PREFIX_HEADER = YES;
				GCC_PREFIX_HEADER = "Tests/DiffMatchPatch iOS/DiffMatchPatch iOS-Prefix.pch";
				GCC_PREPROCESSOR_DEFINITIONS = (
					"DEBUG=1",
					"$(inherited)",
				);
				GCC_SYMBOLS_PRIVATE_EXTERN = NO;
				GCC_WARN_ABOUT_RETURN_TYPE = YES;
				GCC_WARN_UNINITIALIZED_AUTOS = YES;
				GCC_WARN_UNUSED_VARIABLE = YES;
				INFOPLIST_FILE = "Tests/DiffMatchPatch iOS/DiffMatchPatch iOS-Info.plist";
				IPHONEOS_DEPLOYMENT_TARGET = 6.1;
				ONLY_ACTIVE_ARCH = YES;
				PRODUCT_NAME = "$(TARGET_NAME)";
				SDKROOT = iphoneos;
				TARGETED_DEVICE_FAMILY = "1,2";
				WRAPPER_EXTENSION = app;
			};
			name = Debug;
		};
		4A4B56A21718B7870050A4F2 /* Release */ = {
			isa = XCBuildConfiguration;
			buildSettings = {
				ALWAYS_SEARCH_USER_PATHS = NO;
				CLANG_CXX_LANGUAGE_STANDARD = "gnu++0x";
				CLANG_CXX_LIBRARY = "libc++";
				CLANG_ENABLE_OBJC_ARC = YES;
				CLANG_WARN_CONSTANT_CONVERSION = YES;
				CLANG_WARN_EMPTY_BODY = YES;
				CLANG_WARN_ENUM_CONVERSION = YES;
				CLANG_WARN_INT_CONVERSION = YES;
				CLANG_WARN__DUPLICATE_METHOD_MATCH = YES;
				"CODE_SIGN_IDENTITY[sdk=iphoneos*]" = "iPhone Developer";
				COPY_PHASE_STRIP = YES;
				FRAMEWORK_SEARCH_PATHS = (
					"$(inherited)",
					"\"$(SYSTEM_APPS_DIR)/Xcode.app/Contents/Developer/Library/Frameworks\"",
				);
				GCC_C_LANGUAGE_STANDARD = gnu99;
				GCC_PRECOMPILE_PREFIX_HEADER = YES;
				GCC_PREFIX_HEADER = "Tests/DiffMatchPatch iOS/DiffMatchPatch iOS-Prefix.pch";
				GCC_SYMBOLS_PRIVATE_EXTERN = NO;
				GCC_WARN_ABOUT_RETURN_TYPE = YES;
				GCC_WARN_UNINITIALIZED_AUTOS = YES;
				GCC_WARN_UNUSED_VARIABLE = YES;
				INFOPLIST_FILE = "Tests/DiffMatchPatch iOS/DiffMatchPatch iOS-Info.plist";
				IPHONEOS_DEPLOYMENT_TARGET = 6.1;
				OTHER_CFLAGS = "-DNS_BLOCK_ASSERTIONS=1";
				PRODUCT_NAME = "$(TARGET_NAME)";
				SDKROOT = iphoneos;
				TARGETED_DEVICE_FAMILY = "1,2";
				VALIDATE_PRODUCT = YES;
				WRAPPER_EXTENSION = app;
			};
			name = Release;
		};
		4A4B56A41718B7870050A4F2 /* Debug */ = {
			isa = XCBuildConfiguration;
			buildSettings = {
				ALWAYS_SEARCH_USER_PATHS = NO;
				BUNDLE_LOADER = "$(BUILT_PRODUCTS_DIR)/DiffMatchPatch iOS.app/DiffMatchPatch iOS";
				CLANG_CXX_LANGUAGE_STANDARD = "gnu++0x";
				CLANG_CXX_LIBRARY = "libc++";
				CLANG_ENABLE_OBJC_ARC = YES;
				CLANG_WARN_CONSTANT_CONVERSION = YES;
				CLANG_WARN_EMPTY_BODY = YES;
				CLANG_WARN_ENUM_CONVERSION = YES;
				CLANG_WARN_INT_CONVERSION = YES;
				CLANG_WARN__DUPLICATE_METHOD_MATCH = YES;
				COPY_PHASE_STRIP = NO;
				FRAMEWORK_SEARCH_PATHS = (
					"\"$(SDKROOT)/Developer/Library/Frameworks\"",
					"\"$(DEVELOPER_LIBRARY_DIR)/Frameworks\"",
				);
				GCC_C_LANGUAGE_STANDARD = gnu99;
				GCC_DYNAMIC_NO_PIC = NO;
				GCC_OPTIMIZATION_LEVEL = 0;
				GCC_PRECOMPILE_PREFIX_HEADER = YES;
				GCC_PREFIX_HEADER = "Tests/DiffMatchPatch iOS/DiffMatchPatch iOS-Prefix.pch";
				GCC_PREPROCESSOR_DEFINITIONS = (
					"DEBUG=1",
					"$(inherited)",
				);
				GCC_SYMBOLS_PRIVATE_EXTERN = NO;
				GCC_WARN_ABOUT_RETURN_TYPE = YES;
				GCC_WARN_UNINITIALIZED_AUTOS = YES;
				GCC_WARN_UNUSED_VARIABLE = YES;
				INFOPLIST_FILE = "Tests/DiffMatchPatch iOS Tests/DiffMatchPatch iOS Tests-Info.plist";
				IPHONEOS_DEPLOYMENT_TARGET = 6.1;
				ONLY_ACTIVE_ARCH = YES;
				PRODUCT_NAME = "$(TARGET_NAME)";
				SCAN_ALL_SOURCE_FILES_FOR_INCLUDES = NO;
				SDKROOT = iphoneos;
				TEST_HOST = "$(BUNDLE_LOADER)";
				WRAPPER_EXTENSION = octest;
			};
			name = Debug;
		};
		4A4B56A51718B7870050A4F2 /* Release */ = {
			isa = XCBuildConfiguration;
			buildSettings = {
				ALWAYS_SEARCH_USER_PATHS = NO;
				BUNDLE_LOADER = "$(BUILT_PRODUCTS_DIR)/DiffMatchPatch iOS.app/DiffMatchPatch iOS";
				CLANG_CXX_LANGUAGE_STANDARD = "gnu++0x";
				CLANG_CXX_LIBRARY = "libc++";
				CLANG_ENABLE_OBJC_ARC = YES;
				CLANG_WARN_CONSTANT_CONVERSION = YES;
				CLANG_WARN_EMPTY_BODY = YES;
				CLANG_WARN_ENUM_CONVERSION = YES;
				CLANG_WARN_INT_CONVERSION = YES;
				CLANG_WARN__DUPLICATE_METHOD_MATCH = YES;
				COPY_PHASE_STRIP = NO;
				FRAMEWORK_SEARCH_PATHS = (
					"\"$(SDKROOT)/Developer/Library/Frameworks\"",
					"\"$(DEVELOPER_LIBRARY_DIR)/Frameworks\"",
				);
				GCC_C_LANGUAGE_STANDARD = gnu99;
				GCC_PRECOMPILE_PREFIX_HEADER = YES;
				GCC_PREFIX_HEADER = "Tests/DiffMatchPatch iOS/DiffMatchPatch iOS-Prefix.pch";
				GCC_WARN_ABOUT_RETURN_TYPE = YES;
				GCC_WARN_UNINITIALIZED_AUTOS = YES;
				GCC_WARN_UNUSED_VARIABLE = YES;
				INFOPLIST_FILE = "Tests/DiffMatchPatch iOS Tests/DiffMatchPatch iOS Tests-Info.plist";
				IPHONEOS_DEPLOYMENT_TARGET = 6.1;
				PRODUCT_NAME = "$(TARGET_NAME)";
				SCAN_ALL_SOURCE_FILES_FOR_INCLUDES = NO;
				SDKROOT = iphoneos;
				TEST_HOST = "$(BUNDLE_LOADER)";
				VALIDATE_PRODUCT = YES;
				WRAPPER_EXTENSION = octest;
			};
			name = Release;
		};
/* End XCBuildConfiguration section */

/* Begin XCConfigurationList section */
		4A4B55A21718B0700050A4F2 /* Build configuration list for PBXProject "DiffMatchPatch" */ = {
			isa = XCConfigurationList;
			buildConfigurations = (
				4A4B55A31718B0700050A4F2 /* Debug */,
				4A4B55A41718B0700050A4F2 /* Release */,
			);
			defaultConfigurationIsVisible = 0;
			defaultConfigurationName = Release;
		};
		4A4B560B1718B17F0050A4F2 /* Build configuration list for PBXNativeTarget "DiffMatchPatch Mac" */ = {
			isa = XCConfigurationList;
			buildConfigurations = (
				4A4B560C1718B17F0050A4F2 /* Debug */,
				4A4B560D1718B17F0050A4F2 /* Release */,
			);
			defaultConfigurationIsVisible = 0;
			defaultConfigurationName = Release;
		};
		4A4B560E1718B17F0050A4F2 /* Build configuration list for PBXNativeTarget "DiffMatchPatch Mac Tests" */ = {
			isa = XCConfigurationList;
			buildConfigurations = (
				4A4B560F1718B17F0050A4F2 /* Debug */,
				4A4B56101718B17F0050A4F2 /* Release */,
			);
			defaultConfigurationIsVisible = 0;
			defaultConfigurationName = Release;
		};
		4A4B56A01718B7870050A4F2 /* Build configuration list for PBXNativeTarget "DiffMatchPatch iOS" */ = {
			isa = XCConfigurationList;
			buildConfigurations = (
				4A4B56A11718B7870050A4F2 /* Debug */,
				4A4B56A21718B7870050A4F2 /* Release */,
			);
			defaultConfigurationIsVisible = 0;
			defaultConfigurationName = Release;
		};
		4A4B56A31718B7870050A4F2 /* Build configuration list for PBXNativeTarget "DiffMatchPatch iOS Tests" */ = {
			isa = XCConfigurationList;
			buildConfigurations = (
				4A4B56A41718B7870050A4F2 /* Debug */,
				4A4B56A51718B7870050A4F2 /* Release */,
			);
			defaultConfigurationIsVisible = 0;
			defaultConfigurationName = Release;
		};
/* End XCConfigurationList section */
	};
	rootObject = 4A4B559F1718B0700050A4F2 /* Project object */;
}
